// !$*UTF8*$!
{
	archiveVersion = 1;
	classes = {
	};
	objectVersion = 55;
	objects = {

/* Begin PBXBuildFile section */
		3F1FF094293DE02900826C00 /* CategoriesViewController.swift in Sources */ = {isa = PBXBuildFile; fileRef = 3F1FF093293DE02900826C00 /* CategoriesViewController.swift */; };
		3F1FF096293DE03200826C00 /* FavouritesViewController.swift in Sources */ = {isa = PBXBuildFile; fileRef = 3F1FF095293DE03200826C00 /* FavouritesViewController.swift */; };
		3F1FF098293DE03800826C00 /* SettingsViewController.swift in Sources */ = {isa = PBXBuildFile; fileRef = 3F1FF097293DE03800826C00 /* SettingsViewController.swift */; };
		3F1FF09B293DE14B00826C00 /* Recipes.storyboard in Resources */ = {isa = PBXBuildFile; fileRef = 3F1FF099293DE14B00826C00 /* Recipes.storyboard */; };
		3F1FF09D293DE15E00826C00 /* Favourites.storyboard in Resources */ = {isa = PBXBuildFile; fileRef = 3F1FF09C293DE15E00826C00 /* Favourites.storyboard */; };
		3F1FF0A0293DE18600826C00 /* Categories.storyboard in Resources */ = {isa = PBXBuildFile; fileRef = 3F1FF09E293DE18600826C00 /* Categories.storyboard */; };
		3F1FF0A2293DE19600826C00 /* Settings.storyboard in Resources */ = {isa = PBXBuildFile; fileRef = 3F1FF0A1293DE19600826C00 /* Settings.storyboard */; };
		3F2C518829471CDB00CA1975 /* Recipe.swift in Sources */ = {isa = PBXBuildFile; fileRef = 3F2C518729471CDB00CA1975 /* Recipe.swift */; };
		3F2D7022295995AE0090CD36 /* RecipeEditorViewController.swift in Sources */ = {isa = PBXBuildFile; fileRef = 3F2D7021295995AE0090CD36 /* RecipeEditorViewController.swift */; };
		3F31EDCD2959B7A1007FA31F /* OverviewTableViewController.swift in Sources */ = {isa = PBXBuildFile; fileRef = 3F31EDCC2959B7A1007FA31F /* OverviewTableViewController.swift */; };
		3F31EDCF2959C23F007FA31F /* IngredientsViewController.swift in Sources */ = {isa = PBXBuildFile; fileRef = 3F31EDCE2959C23F007FA31F /* IngredientsViewController.swift */; };
		3F5F3B9F2949B27D00E37F7B /* RecipesTableViewController.swift in Sources */ = {isa = PBXBuildFile; fileRef = 3F5F3B9E2949B27D00E37F7B /* RecipesTableViewController.swift */; };
		3F5F3BA12949B29300E37F7B /* RecipeTableViewCell.swift in Sources */ = {isa = PBXBuildFile; fileRef = 3F5F3BA02949B29300E37F7B /* RecipeTableViewCell.swift */; };
		3F5F3BA42949C3B000E37F7B /* RecipeDetail.storyboard in Resources */ = {isa = PBXBuildFile; fileRef = 3F5F3BA22949C3B000E37F7B /* RecipeDetail.storyboard */; };
		3F62FD84295AB855004365A7 /* HeaderTitleCell.swift in Sources */ = {isa = PBXBuildFile; fileRef = 3F62FD82295AB855004365A7 /* HeaderTitleCell.swift */; };
		3F62FD85295AB855004365A7 /* HeaderTitleCell.xib in Resources */ = {isa = PBXBuildFile; fileRef = 3F62FD83295AB855004365A7 /* HeaderTitleCell.xib */; };
		3F7C8E492952F07A005EF395 /* Tags.swift in Sources */ = {isa = PBXBuildFile; fileRef = 3F7C8E482952F07A005EF395 /* Tags.swift */; };
		3FBB75D8293DD1DB00756A63 /* AppDelegate.swift in Sources */ = {isa = PBXBuildFile; fileRef = 3FBB75D7293DD1DB00756A63 /* AppDelegate.swift */; };
		3FBB75DA293DD1DB00756A63 /* SceneDelegate.swift in Sources */ = {isa = PBXBuildFile; fileRef = 3FBB75D9293DD1DB00756A63 /* SceneDelegate.swift */; };
		3FBB75DF293DD1DB00756A63 /* Main.storyboard in Resources */ = {isa = PBXBuildFile; fileRef = 3FBB75DD293DD1DB00756A63 /* Main.storyboard */; };
		3FBB75E1293DD1DD00756A63 /* Assets.xcassets in Resources */ = {isa = PBXBuildFile; fileRef = 3FBB75E0293DD1DD00756A63 /* Assets.xcassets */; };
		3FBB75E4293DD1DD00756A63 /* LaunchScreen.storyboard in Resources */ = {isa = PBXBuildFile; fileRef = 3FBB75E2293DD1DD00756A63 /* LaunchScreen.storyboard */; };
/* End PBXBuildFile section */

/* Begin PBXFileReference section */
		3F1FF093293DE02900826C00 /* CategoriesViewController.swift */ = {isa = PBXFileReference; lastKnownFileType = sourcecode.swift; path = CategoriesViewController.swift; sourceTree = "<group>"; };
		3F1FF095293DE03200826C00 /* FavouritesViewController.swift */ = {isa = PBXFileReference; lastKnownFileType = sourcecode.swift; path = FavouritesViewController.swift; sourceTree = "<group>"; };
		3F1FF097293DE03800826C00 /* SettingsViewController.swift */ = {isa = PBXFileReference; lastKnownFileType = sourcecode.swift; path = SettingsViewController.swift; sourceTree = "<group>"; };
		3F1FF09A293DE14B00826C00 /* Base */ = {isa = PBXFileReference; lastKnownFileType = file.storyboard; name = Base; path = Base.lproj/Recipes.storyboard; sourceTree = "<group>"; };
		3F1FF09C293DE15E00826C00 /* Favourites.storyboard */ = {isa = PBXFileReference; fileEncoding = 4; lastKnownFileType = file.storyboard; path = Favourites.storyboard; sourceTree = "<group>"; };
		3F1FF09F293DE18600826C00 /* Base */ = {isa = PBXFileReference; lastKnownFileType = file.storyboard; name = Base; path = Base.lproj/Categories.storyboard; sourceTree = "<group>"; };
		3F1FF0A1293DE19600826C00 /* Settings.storyboard */ = {isa = PBXFileReference; fileEncoding = 4; lastKnownFileType = file.storyboard; path = Settings.storyboard; sourceTree = SOURCE_ROOT; };
		3F2C518729471CDB00CA1975 /* Recipe.swift */ = {isa = PBXFileReference; lastKnownFileType = sourcecode.swift; path = Recipe.swift; sourceTree = "<group>"; };
		3F2D7021295995AE0090CD36 /* RecipeEditorViewController.swift */ = {isa = PBXFileReference; lastKnownFileType = sourcecode.swift; path = RecipeEditorViewController.swift; sourceTree = "<group>"; };
		3F31EDCC2959B7A1007FA31F /* OverviewTableViewController.swift */ = {isa = PBXFileReference; lastKnownFileType = sourcecode.swift; path = OverviewTableViewController.swift; sourceTree = "<group>"; };
		3F31EDCE2959C23F007FA31F /* IngredientsViewController.swift */ = {isa = PBXFileReference; lastKnownFileType = sourcecode.swift; path = IngredientsViewController.swift; sourceTree = "<group>"; };
		3F5F3B9E2949B27D00E37F7B /* RecipesTableViewController.swift */ = {isa = PBXFileReference; lastKnownFileType = sourcecode.swift; path = RecipesTableViewController.swift; sourceTree = "<group>"; };
		3F5F3BA02949B29300E37F7B /* RecipeTableViewCell.swift */ = {isa = PBXFileReference; lastKnownFileType = sourcecode.swift; path = RecipeTableViewCell.swift; sourceTree = "<group>"; };
		3F5F3BA32949C3B000E37F7B /* Base */ = {isa = PBXFileReference; lastKnownFileType = file.storyboard; name = Base; path = Base.lproj/RecipeDetail.storyboard; sourceTree = "<group>"; };
		3F62FD82295AB855004365A7 /* HeaderTitleCell.swift */ = {isa = PBXFileReference; lastKnownFileType = sourcecode.swift; path = HeaderTitleCell.swift; sourceTree = "<group>"; };
		3F62FD83295AB855004365A7 /* HeaderTitleCell.xib */ = {isa = PBXFileReference; lastKnownFileType = file.xib; path = HeaderTitleCell.xib; sourceTree = "<group>"; };
		3F7C8E482952F07A005EF395 /* Tags.swift */ = {isa = PBXFileReference; lastKnownFileType = sourcecode.swift; path = Tags.swift; sourceTree = "<group>"; };
		3FBB75D4293DD1DB00756A63 /* Cooking-Recipe-App.app */ = {isa = PBXFileReference; explicitFileType = wrapper.application; includeInIndex = 0; path = "Cooking-Recipe-App.app"; sourceTree = BUILT_PRODUCTS_DIR; };
		3FBB75D7293DD1DB00756A63 /* AppDelegate.swift */ = {isa = PBXFileReference; lastKnownFileType = sourcecode.swift; path = AppDelegate.swift; sourceTree = "<group>"; };
		3FBB75D9293DD1DB00756A63 /* SceneDelegate.swift */ = {isa = PBXFileReference; lastKnownFileType = sourcecode.swift; path = SceneDelegate.swift; sourceTree = "<group>"; };
		3FBB75DE293DD1DB00756A63 /* Base */ = {isa = PBXFileReference; lastKnownFileType = file.storyboard; name = Base; path = Base.lproj/Main.storyboard; sourceTree = "<group>"; };
		3FBB75E0293DD1DD00756A63 /* Assets.xcassets */ = {isa = PBXFileReference; lastKnownFileType = folder.assetcatalog; path = Assets.xcassets; sourceTree = "<group>"; };
		3FBB75E3293DD1DD00756A63 /* Base */ = {isa = PBXFileReference; lastKnownFileType = file.storyboard; name = Base; path = Base.lproj/LaunchScreen.storyboard; sourceTree = "<group>"; };
		3FBB75E5293DD1DD00756A63 /* Info.plist */ = {isa = PBXFileReference; lastKnownFileType = text.plist.xml; path = Info.plist; sourceTree = "<group>"; };
/* End PBXFileReference section */

/* Begin PBXFrameworksBuildPhase section */
		3FBB75D1293DD1DB00756A63 /* Frameworks */ = {
			isa = PBXFrameworksBuildPhase;
			buildActionMask = 2147483647;
			files = (
			);
			runOnlyForDeploymentPostprocessing = 0;
		};
/* End PBXFrameworksBuildPhase section */

/* Begin PBXGroup section */
		3F1FF08C293DDFCB00826C00 /* Recipes */ = {
			isa = PBXGroup;
			children = (
				3F2D70202959957E0090CD36 /* RecipeEditor */,
				3F2C518729471CDB00CA1975 /* Recipe.swift */,
				3F5F3B9E2949B27D00E37F7B /* RecipesTableViewController.swift */,
				3F5F3BA02949B29300E37F7B /* RecipeTableViewCell.swift */,
				3F7C8E482952F07A005EF395 /* Tags.swift */,
			);
			path = Recipes;
			sourceTree = "<group>";
		};
		3F1FF08D293DDFE600826C00 /* Categories */ = {
			isa = PBXGroup;
			children = (
				3F1FF093293DE02900826C00 /* CategoriesViewController.swift */,
			);
			path = Categories;
			sourceTree = "<group>";
		};
		3F1FF08F293DDFF600826C00 /* Favourites */ = {
			isa = PBXGroup;
			children = (
				3F1FF095293DE03200826C00 /* FavouritesViewController.swift */,
			);
			path = Favourites;
			sourceTree = "<group>";
		};
		3F1FF090293DDFFE00826C00 /* Settings */ = {
			isa = PBXGroup;
			children = (
				3F1FF097293DE03800826C00 /* SettingsViewController.swift */,
				3F62FD82295AB855004365A7 /* HeaderTitleCell.swift */,
				3F62FD83295AB855004365A7 /* HeaderTitleCell.xib */,
			);
			path = Settings;
			sourceTree = "<group>";
		};
		3F2D70202959957E0090CD36 /* RecipeEditor */ = {
			isa = PBXGroup;
			children = (
				3F2D7021295995AE0090CD36 /* RecipeEditorViewController.swift */,
				3F31EDCC2959B7A1007FA31F /* OverviewTableViewController.swift */,
				3F31EDCE2959C23F007FA31F /* IngredientsViewController.swift */,
			);
			path = RecipeEditor;
			sourceTree = "<group>";
		};
		3FBB75CB293DD1DB00756A63 = {
			isa = PBXGroup;
			children = (
				3FBB75D6293DD1DB00756A63 /* Cooking-Recipe-App */,
				3FBB75D5293DD1DB00756A63 /* Products */,
			);
			sourceTree = "<group>";
		};
		3FBB75D5293DD1DB00756A63 /* Products */ = {
			isa = PBXGroup;
			children = (
				3FBB75D4293DD1DB00756A63 /* Cooking-Recipe-App.app */,
			);
			name = Products;
			sourceTree = "<group>";
		};
		3FBB75D6293DD1DB00756A63 /* Cooking-Recipe-App */ = {
			isa = PBXGroup;
			children = (
				3F5F3BA22949C3B000E37F7B /* RecipeDetail.storyboard */,
				3F1FF0A1293DE19600826C00 /* Settings.storyboard */,
				3F1FF09E293DE18600826C00 /* Categories.storyboard */,
				3F1FF09C293DE15E00826C00 /* Favourites.storyboard */,
				3F1FF099293DE14B00826C00 /* Recipes.storyboard */,
				3F1FF090293DDFFE00826C00 /* Settings */,
				3F1FF08F293DDFF600826C00 /* Favourites */,
				3F1FF08D293DDFE600826C00 /* Categories */,
				3F1FF08C293DDFCB00826C00 /* Recipes */,
				3FBB75D7293DD1DB00756A63 /* AppDelegate.swift */,
				3FBB75D9293DD1DB00756A63 /* SceneDelegate.swift */,
				3FBB75DD293DD1DB00756A63 /* Main.storyboard */,
				3FBB75E0293DD1DD00756A63 /* Assets.xcassets */,
				3FBB75E2293DD1DD00756A63 /* LaunchScreen.storyboard */,
				3FBB75E5293DD1DD00756A63 /* Info.plist */,
			);
			path = "Cooking-Recipe-App";
			sourceTree = "<group>";
		};
/* End PBXGroup section */

/* Begin PBXNativeTarget section */
		3FBB75D3293DD1DB00756A63 /* Cooking-Recipe-App */ = {
			isa = PBXNativeTarget;
			buildConfigurationList = 3FBB75E8293DD1DD00756A63 /* Build configuration list for PBXNativeTarget "Cooking-Recipe-App" */;
			buildPhases = (
				3FBB75D0293DD1DB00756A63 /* Sources */,
				3FBB75D1293DD1DB00756A63 /* Frameworks */,
				3FBB75D2293DD1DB00756A63 /* Resources */,
			);
			buildRules = (
			);
			dependencies = (
			);
			name = "Cooking-Recipe-App";
			productName = "Cooking-Recipe-App";
			productReference = 3FBB75D4293DD1DB00756A63 /* Cooking-Recipe-App.app */;
			productType = "com.apple.product-type.application";
		};
/* End PBXNativeTarget section */

/* Begin PBXProject section */
		3FBB75CC293DD1DB00756A63 /* Project object */ = {
			isa = PBXProject;
			attributes = {
				BuildIndependentTargetsInParallel = 1;
				LastSwiftUpdateCheck = 1400;
				LastUpgradeCheck = 1400;
				TargetAttributes = {
					3FBB75D3293DD1DB00756A63 = {
						CreatedOnToolsVersion = 14.0.1;
					};
				};
			};
			buildConfigurationList = 3FBB75CF293DD1DB00756A63 /* Build configuration list for PBXProject "Cooking-Recipe-App" */;
			compatibilityVersion = "Xcode 13.0";
			developmentRegion = en;
			hasScannedForEncodings = 0;
			knownRegions = (
				en,
				Base,
			);
			mainGroup = 3FBB75CB293DD1DB00756A63;
			productRefGroup = 3FBB75D5293DD1DB00756A63 /* Products */;
			projectDirPath = "";
			projectRoot = "";
			targets = (
				3FBB75D3293DD1DB00756A63 /* Cooking-Recipe-App */,
			);
		};
/* End PBXProject section */

/* Begin PBXResourcesBuildPhase section */
		3FBB75D2293DD1DB00756A63 /* Resources */ = {
			isa = PBXResourcesBuildPhase;
			buildActionMask = 2147483647;
			files = (
				3F1FF09B293DE14B00826C00 /* Recipes.storyboard in Resources */,
				3F5F3BA42949C3B000E37F7B /* RecipeDetail.storyboard in Resources */,
				3FBB75E4293DD1DD00756A63 /* LaunchScreen.storyboard in Resources */,
				3FBB75E1293DD1DD00756A63 /* Assets.xcassets in Resources */,
				3FBB75DF293DD1DB00756A63 /* Main.storyboard in Resources */,
				3F1FF0A0293DE18600826C00 /* Categories.storyboard in Resources */,
				3F1FF09D293DE15E00826C00 /* Favourites.storyboard in Resources */,
				3F1FF0A2293DE19600826C00 /* Settings.storyboard in Resources */,
				3F62FD85295AB855004365A7 /* HeaderTitleCell.xib in Resources */,
			);
			runOnlyForDeploymentPostprocessing = 0;
		};
/* End PBXResourcesBuildPhase section */

/* Begin PBXSourcesBuildPhase section */
		3FBB75D0293DD1DB00756A63 /* Sources */ = {
			isa = PBXSourcesBuildPhase;
			buildActionMask = 2147483647;
			files = (
				3F2D7022295995AE0090CD36 /* RecipeEditorViewController.swift in Sources */,
				3FBB75D8293DD1DB00756A63 /* AppDelegate.swift in Sources */,
				3F5F3B9F2949B27D00E37F7B /* RecipesTableViewController.swift in Sources */,
				3F5F3BA12949B29300E37F7B /* RecipeTableViewCell.swift in Sources */,
				3F2C518829471CDB00CA1975 /* Recipe.swift in Sources */,
				3F31EDCD2959B7A1007FA31F /* OverviewTableViewController.swift in Sources */,
				3F1FF094293DE02900826C00 /* CategoriesViewController.swift in Sources */,
				3F7C8E492952F07A005EF395 /* Tags.swift in Sources */,
				3F62FD84295AB855004365A7 /* HeaderTitleCell.swift in Sources */,
				3F1FF096293DE03200826C00 /* FavouritesViewController.swift in Sources */,
				3F31EDCF2959C23F007FA31F /* IngredientsViewController.swift in Sources */,
				3FBB75DA293DD1DB00756A63 /* SceneDelegate.swift in Sources */,
				3F1FF098293DE03800826C00 /* SettingsViewController.swift in Sources */,
			);
			runOnlyForDeploymentPostprocessing = 0;
		};
/* End PBXSourcesBuildPhase section */

/* Begin PBXVariantGroup section */
		3F1FF099293DE14B00826C00 /* Recipes.storyboard */ = {
			isa = PBXVariantGroup;
			children = (
				3F1FF09A293DE14B00826C00 /* Base */,
			);
			name = Recipes.storyboard;
			sourceTree = "<group>";
		};
		3F1FF09E293DE18600826C00 /* Categories.storyboard */ = {
			isa = PBXVariantGroup;
			children = (
				3F1FF09F293DE18600826C00 /* Base */,
			);
			name = Categories.storyboard;
			sourceTree = "<group>";
		};
		3F5F3BA22949C3B000E37F7B /* RecipeDetail.storyboard */ = {
			isa = PBXVariantGroup;
			children = (
				3F5F3BA32949C3B000E37F7B /* Base */,
			);
			name = RecipeDetail.storyboard;
			sourceTree = "<group>";
		};
		3FBB75DD293DD1DB00756A63 /* Main.storyboard */ = {
			isa = PBXVariantGroup;
			children = (
				3FBB75DE293DD1DB00756A63 /* Base */,
			);
			name = Main.storyboard;
			sourceTree = "<group>";
		};
		3FBB75E2293DD1DD00756A63 /* LaunchScreen.storyboard */ = {
			isa = PBXVariantGroup;
			children = (
				3FBB75E3293DD1DD00756A63 /* Base */,
			);
			name = LaunchScreen.storyboard;
			sourceTree = "<group>";
		};
/* End PBXVariantGroup section */

/* Begin XCBuildConfiguration section */
		3FBB75E6293DD1DD00756A63 /* Debug */ = {
			isa = XCBuildConfiguration;
			buildSettings = {
				ALWAYS_SEARCH_USER_PATHS = NO;
				CLANG_ANALYZER_NONNULL = YES;
				CLANG_ANALYZER_NUMBER_OBJECT_CONVERSION = YES_AGGRESSIVE;
				CLANG_CXX_LANGUAGE_STANDARD = "gnu++20";
				CLANG_ENABLE_MODULES = YES;
				CLANG_ENABLE_OBJC_ARC = YES;
				CLANG_ENABLE_OBJC_WEAK = YES;
				CLANG_WARN_BLOCK_CAPTURE_AUTORELEASING = YES;
				CLANG_WARN_BOOL_CONVERSION = YES;
				CLANG_WARN_COMMA = YES;
				CLANG_WARN_CONSTANT_CONVERSION = YES;
				CLANG_WARN_DEPRECATED_OBJC_IMPLEMENTATIONS = YES;
				CLANG_WARN_DIRECT_OBJC_ISA_USAGE = YES_ERROR;
				CLANG_WARN_DOCUMENTATION_COMMENTS = YES;
				CLANG_WARN_EMPTY_BODY = YES;
				CLANG_WARN_ENUM_CONVERSION = YES;
				CLANG_WARN_INFINITE_RECURSION = YES;
				CLANG_WARN_INT_CONVERSION = YES;
				CLANG_WARN_NON_LITERAL_NULL_CONVERSION = YES;
				CLANG_WARN_OBJC_IMPLICIT_RETAIN_SELF = YES;
				CLANG_WARN_OBJC_LITERAL_CONVERSION = YES;
				CLANG_WARN_OBJC_ROOT_CLASS = YES_ERROR;
				CLANG_WARN_QUOTED_INCLUDE_IN_FRAMEWORK_HEADER = YES;
				CLANG_WARN_RANGE_LOOP_ANALYSIS = YES;
				CLANG_WARN_STRICT_PROTOTYPES = YES;
				CLANG_WARN_SUSPICIOUS_MOVE = YES;
				CLANG_WARN_UNGUARDED_AVAILABILITY = YES_AGGRESSIVE;
				CLANG_WARN_UNREACHABLE_CODE = YES;
				CLANG_WARN__DUPLICATE_METHOD_MATCH = YES;
				COPY_PHASE_STRIP = NO;
				DEBUG_INFORMATION_FORMAT = dwarf;
				ENABLE_STRICT_OBJC_MSGSEND = YES;
				ENABLE_TESTABILITY = YES;
				GCC_C_LANGUAGE_STANDARD = gnu11;
				GCC_DYNAMIC_NO_PIC = NO;
				GCC_NO_COMMON_BLOCKS = YES;
				GCC_OPTIMIZATION_LEVEL = 0;
				GCC_PREPROCESSOR_DEFINITIONS = (
					"DEBUG=1",
					"$(inherited)",
				);
				GCC_WARN_64_TO_32_BIT_CONVERSION = YES;
				GCC_WARN_ABOUT_RETURN_TYPE = YES_ERROR;
				GCC_WARN_UNDECLARED_SELECTOR = YES;
				GCC_WARN_UNINITIALIZED_AUTOS = YES_AGGRESSIVE;
				GCC_WARN_UNUSED_FUNCTION = YES;
				GCC_WARN_UNUSED_VARIABLE = YES;
				IPHONEOS_DEPLOYMENT_TARGET = 16.0;
				MTL_ENABLE_DEBUG_INFO = INCLUDE_SOURCE;
				MTL_FAST_MATH = YES;
				ONLY_ACTIVE_ARCH = YES;
				SDKROOT = iphoneos;
				SWIFT_ACTIVE_COMPILATION_CONDITIONS = DEBUG;
				SWIFT_OPTIMIZATION_LEVEL = "-Onone";
			};
			name = Debug;
		};
		3FBB75E7293DD1DD00756A63 /* Release */ = {
			isa = XCBuildConfiguration;
			buildSettings = {
				ALWAYS_SEARCH_USER_PATHS = NO;
				CLANG_ANALYZER_NONNULL = YES;
				CLANG_ANALYZER_NUMBER_OBJECT_CONVERSION = YES_AGGRESSIVE;
				CLANG_CXX_LANGUAGE_STANDARD = "gnu++20";
				CLANG_ENABLE_MODULES = YES;
				CLANG_ENABLE_OBJC_ARC = YES;
				CLANG_ENABLE_OBJC_WEAK = YES;
				CLANG_WARN_BLOCK_CAPTURE_AUTORELEASING = YES;
				CLANG_WARN_BOOL_CONVERSION = YES;
				CLANG_WARN_COMMA = YES;
				CLANG_WARN_CONSTANT_CONVERSION = YES;
				CLANG_WARN_DEPRECATED_OBJC_IMPLEMENTATIONS = YES;
				CLANG_WARN_DIRECT_OBJC_ISA_USAGE = YES_ERROR;
				CLANG_WARN_DOCUMENTATION_COMMENTS = YES;
				CLANG_WARN_EMPTY_BODY = YES;
				CLANG_WARN_ENUM_CONVERSION = YES;
				CLANG_WARN_INFINITE_RECURSION = YES;
				CLANG_WARN_INT_CONVERSION = YES;
				CLANG_WARN_NON_LITERAL_NULL_CONVERSION = YES;
				CLANG_WARN_OBJC_IMPLICIT_RETAIN_SELF = YES;
				CLANG_WARN_OBJC_LITERAL_CONVERSION = YES;
				CLANG_WARN_OBJC_ROOT_CLASS = YES_ERROR;
				CLANG_WARN_QUOTED_INCLUDE_IN_FRAMEWORK_HEADER = YES;
				CLANG_WARN_RANGE_LOOP_ANALYSIS = YES;
				CLANG_WARN_STRICT_PROTOTYPES = YES;
				CLANG_WARN_SUSPICIOUS_MOVE = YES;
				CLANG_WARN_UNGUARDED_AVAILABILITY = YES_AGGRESSIVE;
				CLANG_WARN_UNREACHABLE_CODE = YES;
				CLANG_WARN__DUPLICATE_METHOD_MATCH = YES;
				COPY_PHASE_STRIP = NO;
				DEBUG_INFORMATION_FORMAT = "dwarf-with-dsym";
				ENABLE_NS_ASSERTIONS = NO;
				ENABLE_STRICT_OBJC_MSGSEND = YES;
				GCC_C_LANGUAGE_STANDARD = gnu11;
				GCC_NO_COMMON_BLOCKS = YES;
				GCC_WARN_64_TO_32_BIT_CONVERSION = YES;
				GCC_WARN_ABOUT_RETURN_TYPE = YES_ERROR;
				GCC_WARN_UNDECLARED_SELECTOR = YES;
				GCC_WARN_UNINITIALIZED_AUTOS = YES_AGGRESSIVE;
				GCC_WARN_UNUSED_FUNCTION = YES;
				GCC_WARN_UNUSED_VARIABLE = YES;
				IPHONEOS_DEPLOYMENT_TARGET = 16.0;
				MTL_ENABLE_DEBUG_INFO = NO;
				MTL_FAST_MATH = YES;
				SDKROOT = iphoneos;
				SWIFT_COMPILATION_MODE = wholemodule;
				SWIFT_OPTIMIZATION_LEVEL = "-O";
				VALIDATE_PRODUCT = YES;
			};
			name = Release;
		};
		3FBB75E9293DD1DD00756A63 /* Debug */ = {
			isa = XCBuildConfiguration;
			buildSettings = {
				ASSETCATALOG_COMPILER_APPICON_NAME = AppIcon;
				ASSETCATALOG_COMPILER_GLOBAL_ACCENT_COLOR_NAME = AccentColor;
				CODE_SIGN_STYLE = Automatic;
				CURRENT_PROJECT_VERSION = 1;
				DEVELOPMENT_TEAM = HG84WPP7B7;
				GENERATE_INFOPLIST_FILE = YES;
				INFOPLIST_FILE = "Cooking-Recipe-App/Info.plist";
				INFOPLIST_KEY_CFBundleDisplayName = "Cooking Recipes";
				INFOPLIST_KEY_UIApplicationSupportsIndirectInputEvents = YES;
				INFOPLIST_KEY_UILaunchStoryboardName = LaunchScreen;
				INFOPLIST_KEY_UIMainStoryboardFile = Main;
				INFOPLIST_KEY_UISupportedInterfaceOrientations_iPad = "UIInterfaceOrientationPortrait UIInterfaceOrientationPortraitUpsideDown UIInterfaceOrientationLandscapeLeft UIInterfaceOrientationLandscapeRight";
				INFOPLIST_KEY_UISupportedInterfaceOrientations_iPhone = "UIInterfaceOrientationPortrait UIInterfaceOrientationLandscapeLeft UIInterfaceOrientationLandscapeRight";
				IPHONEOS_DEPLOYMENT_TARGET = 15.5;
				LD_RUNPATH_SEARCH_PATHS = (
					"$(inherited)",
					"@executable_path/Frameworks",
				);
				MARKETING_VERSION = 1.0;
				PRODUCT_BUNDLE_IDENTIFIER = "bh.polytechnic.Cooking-Recipe-App";
				PRODUCT_NAME = "$(TARGET_NAME)";
				SWIFT_EMIT_LOC_STRINGS = YES;
				SWIFT_VERSION = 5.0;
				TARGETED_DEVICE_FAMILY = "1,2";
			};
			name = Debug;
		};
		3FBB75EA293DD1DD00756A63 /* Release */ = {
			isa = XCBuildConfiguration;
			buildSettings = {
				ASSETCATALOG_COMPILER_APPICON_NAME = AppIcon;
				ASSETCATALOG_COMPILER_GLOBAL_ACCENT_COLOR_NAME = AccentColor;
				CODE_SIGN_STYLE = Automatic;
				CURRENT_PROJECT_VERSION = 1;
				DEVELOPMENT_TEAM = HG84WPP7B7;
				GENERATE_INFOPLIST_FILE = YES;
				INFOPLIST_FILE = "Cooking-Recipe-App/Info.plist";
				INFOPLIST_KEY_CFBundleDisplayName = "Cooking Recipes";
				INFOPLIST_KEY_UIApplicationSupportsIndirectInputEvents = YES;
				INFOPLIST_KEY_UILaunchStoryboardName = LaunchScreen;
				INFOPLIST_KEY_UIMainStoryboardFile = Main;
				INFOPLIST_KEY_UISupportedInterfaceOrientations_iPad = "UIInterfaceOrientationPortrait UIInterfaceOrientationPortraitUpsideDown UIInterfaceOrientationLandscapeLeft UIInterfaceOrientationLandscapeRight";
				INFOPLIST_KEY_UISupportedInterfaceOrientations_iPhone = "UIInterfaceOrientationPortrait UIInterfaceOrientationLandscapeLeft UIInterfaceOrientationLandscapeRight";
				IPHONEOS_DEPLOYMENT_TARGET = 15.5;
				LD_RUNPATH_SEARCH_PATHS = (
					"$(inherited)",
					"@executable_path/Frameworks",
				);
				MARKETING_VERSION = 1.0;
				PRODUCT_BUNDLE_IDENTIFIER = "bh.polytechnic.Cooking-Recipe-App";
				PRODUCT_NAME = "$(TARGET_NAME)";
				SWIFT_EMIT_LOC_STRINGS = YES;
				SWIFT_VERSION = 5.0;
				TARGETED_DEVICE_FAMILY = "1,2";
			};
			name = Release;
		};
/* End XCBuildConfiguration section */

/* Begin XCConfigurationList section */
		3FBB75CF293DD1DB00756A63 /* Build configuration list for PBXProject "Cooking-Recipe-App" */ = {
			isa = XCConfigurationList;
			buildConfigurations = (
				3FBB75E6293DD1DD00756A63 /* Debug */,
				3FBB75E7293DD1DD00756A63 /* Release */,
			);
			defaultConfigurationIsVisible = 0;
			defaultConfigurationName = Release;
		};
		3FBB75E8293DD1DD00756A63 /* Build configuration list for PBXNativeTarget "Cooking-Recipe-App" */ = {
			isa = XCConfigurationList;
			buildConfigurations = (
				3FBB75E9293DD1DD00756A63 /* Debug */,
				3FBB75EA293DD1DD00756A63 /* Release */,
			);
			defaultConfigurationIsVisible = 0;
			defaultConfigurationName = Release;
		};
/* End XCConfigurationList section */
	};
	rootObject = 3FBB75CC293DD1DB00756A63 /* Project object */;
}
